[[package]]
name = "aiohappyeyeballs"
version = "2.4.3"
description = "Happy Eyeballs for asyncio"
category = "main"
optional = false
python-versions = ">=3.8"

[[package]]
name = "aiohttp"
version = "3.10.10"
description = "Async http client/server framework (asyncio)"
category = "main"
optional = false
python-versions = ">=3.8"

[package.dependencies]
aiohappyeyeballs = ">=2.3.0"
aiosignal = ">=1.1.2"
async-timeout = {version = ">=4.0,<5.0", markers = "python_version < \"3.11\""}
attrs = ">=17.3.0"
frozenlist = ">=1.1.1"
multidict = ">=4.5,<7.0"
yarl = ">=1.12.0,<2.0"

[package.extras]
speedups = ["brotlicffi", "brotli", "aiodns (>=3.2.0)"]

[[package]]
name = "aiosignal"
version = "1.3.1"
description = "aiosignal: a list of registered asynchronous callbacks"
category = "main"
optional = false
python-versions = ">=3.7"

[package.dependencies]
frozenlist = ">=1.1.0"

[[package]]
name = "anyascii"
version = "0.3.2"
description = "Unicode to ASCII transliteration"
category = "main"
optional = false
python-versions = ">=3.3"

[[package]]
name = "asgiref"
version = "3.8.1"
description = "ASGI specs, helper code, and adapters"
category = "main"
optional = false
python-versions = ">=3.8"

[package.dependencies]
typing-extensions = {version = ">=4", markers = "python_version < \"3.11\""}

[package.extras]
tests = ["pytest", "pytest-asyncio", "mypy (>=0.800)"]

[[package]]
name = "asn1crypto"
version = "1.5.1"
description = "Fast ASN.1 parser and serializer with definitions for private keys, public keys, certificates, CRL, OCSP, CMS, PKCS#3, PKCS#7, PKCS#8, PKCS#12, PKCS#5, X.509 and TSP"
category = "main"
optional = false
python-versions = "*"

[[package]]
name = "async-timeout"
version = "4.0.3"
description = "Timeout context manager for asyncio programs"
category = "main"
optional = false
python-versions = ">=3.7"

[[package]]
name = "atomicwrites"
version = "1.4.1"
description = "Atomic file writes."
category = "main"
optional = false
python-versions = ">=2.7, !=3.0.*, !=3.1.*, !=3.2.*, !=3.3.*"

[[package]]
name = "attrs"
version = "24.2.0"
description = "Classes Without Boilerplate"
category = "main"
optional = false
python-versions = ">=3.7"

[package.extras]
benchmark = ["cloudpickle", "hypothesis", "mypy (>=1.11.1)", "pympler", "pytest-codspeed", "pytest-mypy-plugins", "pytest-xdist", "pytest (>=4.3.0)"]
cov = ["cloudpickle", "coverage[toml] (>=5.3)", "hypothesis", "mypy (>=1.11.1)", "pympler", "pytest-mypy-plugins", "pytest-xdist", "pytest (>=4.3.0)"]
dev = ["cloudpickle", "hypothesis", "mypy (>=1.11.1)", "pre-commit", "pympler", "pytest-mypy-plugins", "pytest-xdist", "pytest (>=4.3.0)"]
docs = ["cogapp", "furo", "myst-parser", "sphinx", "sphinx-notfound-page", "sphinxcontrib-towncrier", "towncrier (<24.7)"]
tests = ["cloudpickle", "hypothesis", "mypy (>=1.11.1)", "pympler", "pytest-mypy-plugins", "pytest-xdist", "pytest (>=4.3.0)"]
tests-mypy = ["mypy (>=1.11.1)", "pytest-mypy-plugins"]

[[package]]
name = "beautifulsoup4"
version = "4.9.3"
description = "Screen-scraping library"
category = "main"
optional = false
python-versions = "*"

[package.dependencies]
soupsieve = {version = ">1.2", markers = "python_version >= \"3.0\""}

[package.extras]
html5lib = ["html5lib"]
lxml = ["lxml"]

[[package]]
name = "boto3"
version = "1.20.48"
description = "The AWS SDK for Python"
category = "main"
optional = false
python-versions = ">= 3.6"

[package.dependencies]
botocore = ">=1.23.48,<1.24.0"
jmespath = ">=0.7.1,<1.0.0"
s3transfer = ">=0.5.0,<0.6.0"

[package.extras]
crt = ["botocore[crt] (>=1.21.0,<2.0a0)"]

[[package]]
name = "botocore"
version = "1.23.54"
description = "Low-level, data-driven core of boto 3."
category = "main"
optional = false
python-versions = ">= 3.6"

[package.dependencies]
jmespath = ">=0.7.1,<1.0.0"
python-dateutil = ">=2.1,<3.0.0"
urllib3 = ">=1.25.4,<1.27"

[package.extras]
crt = ["awscrt (==0.12.5)"]

[[package]]
name = "cachetools"
version = "5.5.0"
description = "Extensible memoizing collections and decorators"
category = "main"
optional = false
python-versions = ">=3.7"

[[package]]
name = "certifi"
version = "2024.8.30"
description = "Python package for providing Mozilla's CA Bundle."
category = "main"
optional = false
python-versions = ">=3.6"

[[package]]
name = "charset-normalizer"
version = "2.0.12"
description = "The Real First Universal Charset Detector. Open, modern and actively maintained alternative to Chardet."
category = "main"
optional = false
python-versions = ">=3.5.0"

[package.extras]
unicode_backport = ["unicodedata2"]

[[package]]
name = "click"
version = "8.1.3"
description = "Composable command line interface toolkit"
category = "main"
optional = false
python-versions = ">=3.7"

[package.dependencies]
colorama = {version = "*", markers = "platform_system == \"Windows\""}

[[package]]
name = "click-aliases"
version = "1.0.1"
description = "Enable aliases for Click"
category = "main"
optional = false
python-versions = "*"

[package.dependencies]
click = "*"

[package.extras]
dev = ["flake8", "flake8-import-order", "tox-travis", "pytest", "pytest-cov", "coveralls", "wheel"]

[[package]]
name = "colorama"
version = "0.4.6"
description = "Cross-platform colored terminal text."
category = "main"
optional = false
python-versions = "!=3.0.*,!=3.1.*,!=3.2.*,!=3.3.*,!=3.4.*,!=3.5.*,!=3.6.*,>=2.7"

[[package]]
name = "curlify"
version = "2.2.1"
description = "Library to convert python requests object to curl command."
category = "main"
optional = false
python-versions = "*"

[package.dependencies]
requests = "*"

[[package]]
name = "deprecated"
version = "1.2.13"
description = "Python @deprecated decorator to deprecate old python classes, functions or methods."
category = "main"
optional = false
python-versions = ">=2.7, !=3.0.*, !=3.1.*, !=3.2.*, !=3.3.*"

[package.dependencies]
wrapt = ">=1.10,<2"

[package.extras]
dev = ["tox", "bump2version (<1)", "sphinx (<2)", "importlib-metadata (<3)", "importlib-resources (<4)", "configparser (<5)", "sphinxcontrib-websupport (<2)", "zipp (<2)", "PyTest (<5)", "PyTest-Cov (<2.6)", "pytest", "pytest-cov"]

[[package]]
name = "divio-cli"
version = "3.15.6"
description = "The command-line client for the Divio Cloud"
category = "main"
optional = false
python-versions = "*"

[package.dependencies]
attrs = "*"
click = ">=7.0"
click-aliases = "*"
colorama = {version = "*", markers = "sys_platform == \"win32\""}
packaging = "*"
pyaml = "*"
python-dateutil = "*"
requests = "*"
sentry-sdk = "*"
tabulate = "*"

[[package]]
name = "dj-database-url"
version = "0.5.0"
description = "Use Database URLs in your Django Application."
category = "main"
optional = false
python-versions = "*"

[[package]]
name = "django"
version = "3.2.25"
description = "A high-level Python Web framework that encourages rapid development and clean, pragmatic design."
category = "main"
optional = false
python-versions = ">=3.6"

[package.dependencies]
asgiref = ">=3.3.2,<4"
pytz = "*"
sqlparse = ">=0.2.2"

[package.extras]
argon2 = ["argon2-cffi (>=19.1.0)"]
bcrypt = ["bcrypt"]

[[package]]
name = "django-cogwheels"
version = "0.3"
description = "A consistent, user-friendly solution for adding app-specific settings your Django package, reusable app or framework."
category = "main"
optional = false
python-versions = ">=3.4"

[package.extras]
development = ["Django (>=2.0,<2.1)", "ipdb", "werkzeug", "django-extensions"]
docs = ["pyenchant (>=2.0)", "Sphinx (>=1.7.4)", "sphinxcontrib-spelling (>=1.4)", "sphinx-rtd-theme (>=0.3)"]
testing = ["coverage"]

[[package]]
name = "django-cors-headers"
version = "3.10.1"
description = "django-cors-headers is a Django application for handling the server headers required for Cross-Origin Resource Sharing (CORS)."
category = "main"
optional = false
python-versions = ">=3.6"

[package.dependencies]
Django = ">=2.2"

[[package]]
name = "django-environ"
version = "0.8.1"
description = "A package that allows you to utilize 12factor inspired environment variables to configure your Django application."
category = "main"
optional = false
python-versions = ">=3.4,<4"

[package.extras]
develop = ["coverage[toml] (>=5.0a4)", "pytest (>=4.6.11)", "furo (>=2021.8.17b43,<2021.9.0)", "sphinx (>=3.5.0)", "sphinx-notfound-page"]
docs = ["furo (>=2021.8.17b43,<2021.9.0)", "sphinx (>=3.5.0)", "sphinx-notfound-page"]
testing = ["coverage[toml] (>=5.0a4)", "pytest (>=4.6.11)"]

[[package]]
name = "django-filter"
version = "21.1"
description = "Django-filter is a reusable Django application for allowing users to filter querysets dynamically."
category = "main"
optional = false
python-versions = ">=3.6"

[package.dependencies]
Django = ">=2.2"

[[package]]
name = "django-modelcluster"
version = "5.3"
description = "Django extension to allow working with 'clusters' of models as a single unit, independently of the database"
category = "main"
optional = false
python-versions = ">=3.5"

[package.dependencies]
pytz = ">=2015.2"

[package.extras]
taggit = ["django-taggit (>=0.20)"]

[[package]]
name = "django-redis"
version = "5.2.0"
description = "Full featured redis cache backend for Django."
category = "main"
optional = false
python-versions = ">=3.6"

[package.dependencies]
Django = ">=2.2"
redis = ">=3,<4.0.0 || >4.0.0,<4.0.1 || >4.0.1"

[package.extras]
hiredis = ["redis[hiredis] (>=3,!=4.0.0,!=4.0.1)"]

[[package]]
name = "django-storage-url"
version = "0.9.4"
description = "URL-based Django storage configuration"
category = "main"
optional = false
python-versions = "*"

[package.dependencies]
django = ">=2.2"
django-storages = "*"
furl = "*"

[[package]]
name = "django-storages"
version = "1.12.3"
description = "Support for many storage backends in Django"
category = "main"
optional = false
python-versions = ">=3.5"

[package.dependencies]
Django = ">=2.2"

[package.extras]
azure = ["azure-storage-blob (>=12.0.0)"]
boto3 = ["boto3 (>=1.4.4)"]
dropbox = ["dropbox (>=7.2.1)"]
google = ["google-cloud-storage (>=1.27.0)"]
libcloud = ["apache-libcloud"]
sftp = ["paramiko"]

[[package]]
name = "django-taggit"
version = "1.5.1"
description = "django-taggit is a reusable Django application for simple tagging."
category = "main"
optional = false
python-versions = ">=3.6"

[package.dependencies]
Django = ">=2.2"

[[package]]
name = "django-treebeard"
version = "4.7.1"
description = "Efficient tree implementations for Django"
category = "main"
optional = false
python-versions = ">=3.8"

[package.dependencies]
Django = ">=3.2"

[[package]]
name = "djangorestframework"
version = "3.15.1"
description = "Web APIs for Django, made easy."
category = "main"
optional = false
python-versions = ">=3.6"

[package.dependencies]
django = ">=3.0"

[[package]]
name = "draftjs-exporter"
version = "2.1.7"
description = "Library to convert rich text from Draft.js raw ContentState to HTML"
category = "main"
optional = false
python-versions = "*"

[package.extras]
html5lib = ["beautifulsoup4 (>=4.4.1,<5)", "html5lib (>=0.999,<=1.0.1)"]
lxml = ["lxml (>=4.2.0,<5)"]
testing = ["tox (>=2.3.1)", "markov-draftjs (==0.1.1)", "memory-profiler (==0.47)", "psutil (==5.4.1)", "coverage (>=4.1.0)", "flake8 (>=3.2.0)", "isort (==4.2.5)", "beautifulsoup4 (>=4.4.1,<5)", "html5lib (>=0.999,<=1.0.1)", "lxml (>=4.2.0,<5)"]

[[package]]
name = "emoji"
version = "2.14.0"
description = "Emoji for Python"
category = "main"
optional = false
python-versions = ">=3.7"

[package.extras]
dev = ["pytest (>=7.4.4)", "coverage"]

[[package]]
name = "et-xmlfile"
version = "1.1.0"
description = "An implementation of lxml.xmlfile for the standard library"
category = "main"
optional = false
python-versions = ">=3.6"

[[package]]
name = "executing"
version = "0.8.3"
description = "Get the currently executing AST node of a frame, and other information"
category = "main"
optional = false
python-versions = "*"

[[package]]
name = "facebook-business"
version = "16.0.2"
description = "Facebook Business SDK"
category = "main"
optional = false
python-versions = "*"

[package.dependencies]
aiohttp = {version = "*", markers = "python_version >= \"3.5.3\""}
curlify = ">=2.1.0"
pycountry = ">=19.8.18"
requests = ">=2.3.0"
six = ">=1.7.3"

[[package]]
name = "frozenlist"
version = "1.4.1"
description = "A list-like structure which implements collections.abc.MutableSequence"
category = "main"
optional = false
python-versions = ">=3.8"

[[package]]
name = "furl"
version = "2.1.3"
description = "URL manipulation made simple."
category = "main"
optional = false
python-versions = "*"

[package.dependencies]
orderedmultidict = ">=1.0.1"
six = ">=1.8.0"

[[package]]
name = "google-api-core"
version = "2.21.0"
description = "Google API client core library"
category = "main"
optional = false
python-versions = ">=3.7"

[package.dependencies]
google-auth = ">=2.14.1,<3.0.dev0"
googleapis-common-protos = ">=1.56.2,<2.0.dev0"
proto-plus = ">=1.22.3,<2.0.0dev"
protobuf = ">=3.19.5,<3.20.0 || >3.20.0,<3.20.1 || >3.20.1,<4.21.0 || >4.21.0,<4.21.1 || >4.21.1,<4.21.2 || >4.21.2,<4.21.3 || >4.21.3,<4.21.4 || >4.21.4,<4.21.5 || >4.21.5,<6.0.0.dev0"
requests = ">=2.18.0,<3.0.0.dev0"

[package.extras]
async-rest = ["google-auth[aiohttp] (>=2.35.0,<3.0.dev0)"]
grpc = ["grpcio (>=1.33.2,<2.0dev)", "grpcio-status (>=1.33.2,<2.0.dev0)", "grpcio (>=1.49.1,<2.0dev)", "grpcio-status (>=1.49.1,<2.0.dev0)"]
grpcgcp = ["grpcio-gcp (>=0.2.2,<1.0.dev0)"]
grpcio-gcp = ["grpcio-gcp (>=0.2.2,<1.0.dev0)"]

[[package]]
name = "google-api-python-client"
version = "2.149.0"
description = "Google API Client Library for Python"
category = "main"
optional = false
python-versions = ">=3.7"

[package.dependencies]
google-api-core = ">=1.31.5,<2.0.0 || >2.3.0,<3.0.0.dev0"
google-auth = ">=1.32.0,<2.24.0 || >2.24.0,<2.25.0 || >2.25.0,<3.0.0.dev0"
google-auth-httplib2 = ">=0.2.0,<1.0.0"
httplib2 = ">=0.19.0,<1.dev0"
uritemplate = ">=3.0.1,<5"

[[package]]
name = "google-auth"
version = "2.35.0"
description = "Google Authentication Library"
category = "main"
optional = false
python-versions = ">=3.7"

[package.dependencies]
cachetools = ">=2.0.0,<6.0"
pyasn1-modules = ">=0.2.1"
rsa = ">=3.1.4,<5"

[package.extras]
aiohttp = ["aiohttp (>=3.6.2,<4.0.0.dev0)", "requests (>=2.20.0,<3.0.0.dev0)"]
enterprise-cert = ["cryptography", "pyopenssl"]
pyopenssl = ["pyopenssl (>=20.0.0)", "cryptography (>=38.0.3)"]
reauth = ["pyu2f (>=0.1.5)"]
requests = ["requests (>=2.20.0,<3.0.0.dev0)"]

[[package]]
name = "google-auth-httplib2"
version = "0.2.0"
description = "Google Authentication Library: httplib2 transport"
category = "main"
optional = false
python-versions = "*"

[package.dependencies]
google-auth = "*"
httplib2 = ">=0.19.0"

[[package]]
name = "google-auth-oauthlib"
version = "1.2.1"
description = "Google Authentication Library"
category = "main"
optional = false
python-versions = ">=3.6"

[package.dependencies]
google-auth = ">=2.15.0"
requests-oauthlib = ">=0.7.0"

[package.extras]
tool = ["click (>=6.0.0)"]

[[package]]
name = "googleapis-common-protos"
version = "1.65.0"
description = "Common protobufs used in Google APIs"
category = "main"
optional = false
python-versions = ">=3.7"

[package.dependencies]
protobuf = ">=3.20.2,<4.21.1 || >4.21.1,<4.21.2 || >4.21.2,<4.21.3 || >4.21.3,<4.21.4 || >4.21.4,<4.21.5 || >4.21.5,<6.0.0.dev0"

[package.extras]
grpc = ["grpcio (>=1.44.0,<2.0.0.dev0)"]

[[package]]
name = "greenlet"
version = "3.1.1"
description = "Lightweight in-process concurrent programming"
category = "main"
optional = false
python-versions = ">=3.7"

[package.extras]
docs = ["sphinx", "furo"]
test = ["objgraph", "psutil"]

[[package]]
name = "html5lib"
version = "1.1"
description = "HTML parser based on the WHATWG HTML specification"
category = "main"
optional = false
python-versions = ">=2.7, !=3.0.*, !=3.1.*, !=3.2.*, !=3.3.*, !=3.4.*"

[package.dependencies]
six = ">=1.9"
webencodings = "*"

[package.extras]
all = ["genshi", "chardet (>=2.2)", "lxml"]
chardet = ["chardet (>=2.2)"]
genshi = ["genshi"]
lxml = ["lxml"]

[[package]]
name = "httplib2"
version = "0.22.0"
description = "A comprehensive HTTP client library."
category = "main"
optional = false
python-versions = ">=2.7, !=3.0.*, !=3.1.*, !=3.2.*, !=3.3.*"

[package.dependencies]
pyparsing = {version = ">=2.4.2,<3.0.0 || >3.0.0,<3.0.1 || >3.0.1,<3.0.2 || >3.0.2,<3.0.3 || >3.0.3,<4", markers = "python_version > \"3.0\""}

[[package]]
name = "idna"
version = "3.10"
description = "Internationalized Domain Names in Applications (IDNA)"
category = "main"
optional = false
python-versions = ">=3.6"

[package.extras]
all = ["ruff (>=0.6.2)", "mypy (>=1.11.2)", "pytest (>=8.3.2)", "flake8 (>=7.1.1)"]

[[package]]
name = "insta-scrape"
version = "2.1.2"
description = "Super lightweight Instagram web scraper for data analysis"
category = "main"
optional = false
python-versions = ">=3.7"

[package.dependencies]
beautifulsoup4 = "*"
requests = "*"

[[package]]
name = "jmespath"
version = "0.10.0"
description = "JSON Matching Expressions"
category = "main"
optional = false
python-versions = ">=2.6, !=3.0.*, !=3.1.*, !=3.2.*"

[[package]]
name = "joblib"
version = "1.4.2"
description = "Lightweight pipelining with Python functions"
category = "main"
optional = false
python-versions = ">=3.8"

[[package]]
name = "l18n"
version = "2021.3"
description = "Internationalization for pytz timezones and territories"
category = "main"
optional = false
python-versions = "*"

[package.dependencies]
pytz = ">=2020.1"
six = "*"

[[package]]
name = "lxml"
version = "5.3.0"
description = "Powerful and Pythonic XML processing library combining libxml2/libxslt with the ElementTree API."
category = "main"
optional = false
python-versions = ">=3.6"

[package.extras]
cssselect = ["cssselect (>=0.7)"]
html5 = ["html5lib"]
html-clean = ["lxml-html-clean"]
htmlsoup = ["beautifulsoup4"]
source = ["Cython (>=3.0.11)"]

[[package]]
name = "more-itertools"
version = "10.5.0"
description = "More routines for operating on iterables, beyond itertools"
category = "main"
optional = false
python-versions = ">=3.8"

[[package]]
name = "multidict"
version = "6.1.0"
description = "multidict implementation"
category = "main"
optional = false
python-versions = ">=3.8"

[package.dependencies]
typing-extensions = {version = ">=4.1.0", markers = "python_version < \"3.11\""}

[[package]]
name = "nltk"
version = "3.9.1"
description = "Natural Language Toolkit"
category = "main"
optional = false
python-versions = ">=3.8"

[package.dependencies]
click = "*"
joblib = "*"
regex = ">=2021.8.3"
tqdm = "*"

[package.extras]
all = ["numpy", "requests", "twython", "python-crfsuite", "pyparsing", "scipy", "matplotlib", "scikit-learn"]
corenlp = ["requests"]
machine-learning = ["numpy", "python-crfsuite", "scikit-learn", "scipy"]
plot = ["matplotlib"]
tgrep = ["pyparsing"]
twitter = ["twython"]

[[package]]
name = "numpy"
version = "2.1.2"
description = "Fundamental package for array computing in Python"
category = "main"
optional = false
python-versions = ">=3.10"

[[package]]
name = "oauth2client"
version = "4.1.3"
description = "OAuth 2.0 client library"
category = "main"
optional = false
python-versions = "*"

[package.dependencies]
httplib2 = ">=0.9.1"
pyasn1 = ">=0.1.7"
pyasn1-modules = ">=0.0.5"
rsa = ">=3.1.4"
six = ">=1.6.1"

[[package]]
name = "oauthlib"
version = "3.2.2"
description = "A generic, spec-compliant, thorough implementation of the OAuth request-signing logic"
category = "main"
optional = false
python-versions = ">=3.6"

[package.extras]
rsa = ["cryptography (>=3.0.0)"]
signals = ["blinker (>=1.4.0)"]
signedtoken = ["cryptography (>=3.0.0)", "pyjwt (>=2.0.0,<3)"]

[[package]]
name = "openpyxl"
version = "3.1.5"
description = "A Python library to read/write Excel 2010 xlsx/xlsm files"
category = "main"
optional = false
python-versions = ">=3.8"

[package.dependencies]
et-xmlfile = "*"

[[package]]
name = "orderedmultidict"
version = "1.0.1"
description = "Ordered Multivalue Dictionary"
category = "main"
optional = false
python-versions = "*"

[package.dependencies]
six = ">=1.8.0"

[[package]]
name = "packaging"
version = "24.1"
description = "Core utilities for Python packages"
category = "main"
optional = false
python-versions = ">=3.8"

[[package]]
name = "pandas"
version = "1.2.5"
description = "Powerful data structures for data analysis, time series, and statistics"
category = "main"
optional = false
python-versions = ">=3.7.1"

[package.dependencies]
numpy = ">=1.16.5"
python-dateutil = ">=2.7.3"
pytz = ">=2017.3"

[package.extras]
test = ["pytest (>=5.0.1)", "pytest-xdist", "hypothesis (>=3.58)"]

[[package]]
name = "pillow"
version = "9.5.0"
description = "Python Imaging Library (Fork)"
category = "main"
optional = false
python-versions = ">=3.7"

[package.extras]
docs = ["furo", "olefile", "sphinx (>=2.4)", "sphinx-copybutton", "sphinx-inline-tabs", "sphinx-removed-in", "sphinxext-opengraph"]
tests = ["check-manifest", "coverage", "defusedxml", "markdown2", "olefile", "packaging", "pyroma", "pytest", "pytest-cov", "pytest-timeout"]

[[package]]
name = "pluggy"
version = "0.13.1"
description = "plugin and hook calling mechanisms for python"
category = "main"
optional = false
python-versions = ">=2.7, !=3.0.*, !=3.1.*, !=3.2.*, !=3.3.*"

[package.extras]
dev = ["pre-commit", "tox"]

[[package]]
name = "propcache"
version = "0.2.0"
description = "Accelerated property cache"
category = "main"
optional = false
python-versions = ">=3.8"

[[package]]
name = "proto-plus"
version = "1.24.0"
description = "Beautiful, Pythonic protocol buffers."
category = "main"
optional = false
python-versions = ">=3.7"

[package.dependencies]
protobuf = ">=3.19.0,<6.0.0dev"

[package.extras]
testing = ["google-api-core (>=1.31.5)"]

[[package]]
name = "protobuf"
version = "5.28.2"
description = ""
category = "main"
optional = false
python-versions = ">=3.8"

[[package]]
name = "psycopg2"
version = "2.9.3"
description = "psycopg2 - Python-PostgreSQL Database Adapter"
category = "main"
optional = false
python-versions = ">=3.6"

[[package]]
name = "py"
version = "1.11.0"
description = "library with cross-python path, ini-parsing, io, code, log facilities"
category = "main"
optional = false
python-versions = ">=2.7, !=3.0.*, !=3.1.*, !=3.2.*, !=3.3.*, !=3.4.*"

[[package]]
name = "pyaml"
version = "24.9.0"
description = "PyYAML-based module to produce a bit more pretty and readable YAML-serialized data"
category = "main"
optional = false
python-versions = ">=3.8"

[package.dependencies]
PyYAML = "*"

[package.extras]
anchors = ["unidecode"]

[[package]]
name = "pyasn1"
version = "0.6.1"
description = "Pure-Python implementation of ASN.1 types and DER/BER/CER codecs (X.208)"
category = "main"
optional = false
python-versions = ">=3.8"

[[package]]
name = "pyasn1-modules"
version = "0.4.1"
description = "A collection of ASN.1-based protocols modules"
category = "main"
optional = false
python-versions = ">=3.8"

[package.dependencies]
pyasn1 = ">=0.4.6,<0.7.0"

[[package]]
name = "pycountry"
version = "24.6.1"
description = "ISO country, subdivision, language, currency and script definitions and their translations"
category = "main"
optional = false
python-versions = ">=3.8"

[[package]]
name = "pymemcache"
version = "3.5.0"
description = "A comprehensive, fast, pure Python memcached client"
category = "main"
optional = false
python-versions = "*"

[package.dependencies]
six = "*"

[[package]]
name = "pyodbc"
version = "4.0.26"
description = "DB API Module for ODBC"
category = "main"
optional = false
python-versions = "*"

[[package]]
name = "pyparsing"
version = "3.0.7"
description = "Python parsing module"
category = "main"
optional = false
python-versions = ">=3.6"

[package.extras]
diagrams = ["jinja2", "railroad-diagrams"]

[[package]]
name = "pytest"
version = "5.2.2"
description = "pytest: simple powerful testing with Python"
category = "main"
optional = false
python-versions = ">=3.5"

[package.dependencies]
atomicwrites = ">=1.0"
attrs = ">=17.4.0"
colorama = {version = "*", markers = "sys_platform == \"win32\""}
more-itertools = ">=4.0.0"
packaging = "*"
pluggy = ">=0.12,<1.0"
py = ">=1.5.0"
wcwidth = "*"

[package.extras]
testing = ["argcomplete", "hypothesis (>=3.56)", "mock", "nose", "requests", "xmlschema"]

[[package]]
name = "pytest-mock"
version = "1.11.2"
description = "Thin-wrapper around the mock package for easier use with py.test"
category = "main"
optional = false
python-versions = ">=2.7, !=3.0.*, !=3.1.*, !=3.2.*, !=3.3.*"

[package.dependencies]
pytest = ">=2.7"

[package.extras]
dev = ["pre-commit", "tox"]

[[package]]
name = "python-dateutil"
version = "2.9.0.post0"
description = "Extensions to the standard Python datetime module"
category = "main"
optional = false
python-versions = "!=3.0.*,!=3.1.*,!=3.2.*,>=2.7"

[package.dependencies]
six = ">=1.5"

[[package]]
name = "python-dotenv"
version = "1.0.1"
description = "Read key-value pairs from a .env file and set them as environment variables"
category = "main"
optional = false
python-versions = ">=3.8"

[package.extras]
cli = ["click (>=5.0)"]

[[package]]
name = "python-http-client"
version = "3.3.7"
description = "HTTP REST client, simplified for Python"
category = "main"
optional = false
python-versions = ">=2.7, !=3.0.*, !=3.1.*, !=3.2.*, !=3.3.*"

[[package]]
name = "pytz"
version = "2021.3"
description = "World timezone definitions, modern and historical"
category = "main"
optional = false
python-versions = "*"

[[package]]
name = "pyyaml"
version = "6.0.2"
description = "YAML parser and emitter for Python"
category = "main"
optional = false
python-versions = ">=3.8"

[[package]]
name = "redis"
version = "5.1.1"
description = "Python client for Redis database and key-value store"
category = "main"
optional = false
python-versions = ">=3.8"

[package.dependencies]
async-timeout = {version = ">=4.0.3", markers = "python_full_version < \"3.11.3\""}

[package.extras]
hiredis = ["hiredis (>=3.0.0)"]
ocsp = ["cryptography (>=36.0.1)", "pyopenssl (==23.2.1)", "requests (>=2.31.0)"]

[[package]]
name = "redshift-connector"
version = "2.0.904"
description = "Redshift interface library"
category = "main"
optional = false
python-versions = ">=3.6"

[package.dependencies]
beautifulsoup4 = ">=4.7.0,<5.0.0"
boto3 = ">=1.9.201,<2.0.0"
botocore = ">=1.12.201,<2.0.0"
lxml = ">=4.6.5"
packaging = "*"
pytz = ">=2020.1,<2021.9"
requests = ">=2.23.0,<2.27.2"
scramp = ">=1.2.0,<1.5.0"

[package.extras]
full = ["numpy", "pandas"]

[[package]]
name = "regex"
version = "2024.9.11"
description = "Alternative regular expression module, to replace re."
category = "main"
optional = false
python-versions = ">=3.8"

[[package]]
name = "requests"
version = "2.27.1"
description = "Python HTTP for Humans."
category = "main"
optional = false
python-versions = ">=2.7, !=3.0.*, !=3.1.*, !=3.2.*, !=3.3.*, !=3.4.*, !=3.5.*"

[package.dependencies]
certifi = ">=2017.4.17"
charset-normalizer = {version = ">=2.0.0,<2.1.0", markers = "python_version >= \"3\""}
idna = {version = ">=2.5,<4", markers = "python_version >= \"3\""}
urllib3 = ">=1.21.1,<1.27"

[package.extras]
socks = ["PySocks (>=1.5.6,!=1.5.7)", "win-inet-pton"]
use_chardet_on_py3 = ["chardet (>=3.0.2,<5)"]

[[package]]
name = "requests-oauthlib"
version = "2.0.0"
description = "OAuthlib authentication support for Requests."
category = "main"
optional = false
python-versions = ">=3.4"

[package.dependencies]
oauthlib = ">=3.0.0"
requests = ">=2.0.0"

[package.extras]
rsa = ["oauthlib[signedtoken] (>=3.0.0)"]

[[package]]
name = "rsa"
version = "4.9"
description = "Pure-Python RSA implementation"
category = "main"
optional = false
python-versions = ">=3.6,<4"

[package.dependencies]
pyasn1 = ">=0.1.3"

[[package]]
name = "s3transfer"
version = "0.5.2"
description = "An Amazon S3 Transfer Manager"
category = "main"
optional = false
python-versions = ">= 3.6"

[package.dependencies]
botocore = ">=1.12.36,<2.0a.0"

[package.extras]
crt = ["botocore[crt] (>=1.20.29,<2.0a.0)"]

[[package]]
name = "scikit-learn"
version = "1.5.2"
description = "A set of python modules for machine learning and data mining"
category = "main"
optional = false
python-versions = ">=3.9"

[package.dependencies]
joblib = ">=1.2.0"
numpy = ">=1.19.5"
scipy = ">=1.6.0"
threadpoolctl = ">=3.1.0"

[package.extras]
build = ["numpy (>=1.19.5)", "scipy (>=1.6.0)", "cython (>=3.0.10)", "meson-python (>=0.16.0)"]
install = ["numpy (>=1.19.5)", "scipy (>=1.6.0)", "joblib (>=1.2.0)", "threadpoolctl (>=3.1.0)"]
benchmark = ["matplotlib (>=3.3.4)", "pandas (>=1.1.5)", "memory_profiler (>=0.57.0)"]
docs = ["matplotlib (>=3.3.4)", "scikit-image (>=0.17.2)", "pandas (>=1.1.5)", "seaborn (>=0.9.0)", "memory_profiler (>=0.57.0)", "sphinx (>=7.3.7)", "sphinx-copybutton (>=0.5.2)", "sphinx-gallery (>=0.16.0)", "numpydoc (>=1.2.0)", "Pillow (>=7.1.2)", "pooch (>=1.6.0)", "sphinx-prompt (>=1.4.0)", "sphinxext-opengraph (>=0.9.1)", "plotly (>=5.14.0)", "polars (>=0.20.30)", "sphinx-design (>=0.5.0)", "sphinx-design (>=0.6.0)", "sphinxcontrib-sass (>=0.3.4)", "pydata-sphinx-theme (>=0.15.3)", "sphinx-remove-toctrees (>=1.0.0.post1)"]
examples = ["matplotlib (>=3.3.4)", "scikit-image (>=0.17.2)", "pandas (>=1.1.5)", "seaborn (>=0.9.0)", "pooch (>=1.6.0)", "plotly (>=5.14.0)"]
tests = ["matplotlib (>=3.3.4)", "scikit-image (>=0.17.2)", "pandas (>=1.1.5)", "pytest (>=7.1.2)", "pytest-cov (>=2.9.0)", "ruff (>=0.2.1)", "black (>=24.3.0)", "mypy (>=1.9)", "pyamg (>=4.0.0)", "polars (>=0.20.30)", "pyarrow (>=12.0.0)", "numpydoc (>=1.2.0)", "pooch (>=1.6.0)"]
maintenance = ["conda-lock (==2.5.6)"]

[[package]]
name = "scipy"
version = "1.14.1"
description = "Fundamental algorithms for scientific computing in Python"
category = "main"
optional = false
python-versions = ">=3.10"

[package.dependencies]
numpy = ">=1.23.5,<2.3"

[package.extras]
test = ["pytest", "pytest-cov", "pytest-timeout", "pytest-xdist", "asv", "mpmath", "gmpy2", "threadpoolctl", "scikit-umfpack", "pooch", "hypothesis (>=6.30)", "array-api-strict (>=2.0)", "cython", "meson", "ninja"]
doc = ["sphinx (>=5.0.0,<=7.3.7)", "pydata-sphinx-theme (>=0.15.2)", "sphinx-design (>=0.4.0)", "matplotlib (>=3.5)", "numpydoc", "jupytext", "myst-nb", "pooch", "jupyterlite-sphinx (>=0.13.1)", "jupyterlite-pyodide-kernel"]
dev = ["mypy (==1.10.0)", "typing-extensions", "types-psutil", "pycodestyle", "ruff (>=0.0.292)", "cython-lint (>=0.12.2)", "rich-click", "doit (>=0.36.0)", "pydevtool"]

[[package]]
name = "scramp"
version = "1.4.5"
description = "An implementation of the SCRAM protocol."
category = "main"
optional = false
python-versions = ">=3.8"

[package.dependencies]
asn1crypto = ">=1.5.1"

[[package]]
name = "sendgrid"
version = "6.1.0"
description = "Twilio SendGrid library for Python"
category = "main"
optional = false
python-versions = ">=2.7, !=3.0.*, !=3.1.*, !=3.2.*, !=3.3.*"

[package.dependencies]
python-http-client = ">=3.2.1"

[[package]]
name = "sentry-sdk"
version = "1.5.4"
description = "Python client for Sentry (https://sentry.io)"
category = "main"
optional = false
python-versions = "*"

[package.dependencies]
certifi = "*"
urllib3 = ">=1.10.0"

[package.extras]
aiohttp = ["aiohttp (>=3.5)"]
beam = ["apache-beam (>=2.12)"]
bottle = ["bottle (>=0.12.13)"]
celery = ["celery (>=3)"]
chalice = ["chalice (>=1.16.0)"]
django = ["django (>=1.8)"]
falcon = ["falcon (>=1.4)"]
flask = ["flask (>=0.11)", "blinker (>=1.1)"]
httpx = ["httpx (>=0.16.0)"]
pure_eval = ["pure-eval", "executing", "asttokens"]
pyspark = ["pyspark (>=2.4.4)"]
quart = ["quart (>=0.16.1)", "blinker (>=1.1)"]
rq = ["rq (>=0.6)"]
sanic = ["sanic (>=0.8)"]
sqlalchemy = ["sqlalchemy (>=1.2)"]
tornado = ["tornado (>=5)"]

[[package]]
name = "six"
version = "1.16.0"
description = "Python 2 and 3 compatibility utilities"
category = "main"
optional = false
python-versions = ">=2.7, !=3.0.*, !=3.1.*, !=3.2.*"

[[package]]
name = "soupsieve"
version = "2.6"
description = "A modern CSS selector implementation for Beautiful Soup."
category = "main"
optional = false
python-versions = ">=3.8"

[[package]]
name = "sqlalchemy"
version = "1.4.31"
description = "Database Abstraction Library"
category = "main"
optional = false
python-versions = "!=3.0.*,!=3.1.*,!=3.2.*,!=3.3.*,!=3.4.*,!=3.5.*,>=2.7"

[package.dependencies]
greenlet = {version = "!=0.4.17", markers = "python_version >= \"3\" and (platform_machine == \"aarch64\" or platform_machine == \"ppc64le\" or platform_machine == \"x86_64\" or platform_machine == \"amd64\" or platform_machine == \"AMD64\" or platform_machine == \"win32\" or platform_machine == \"WIN32\")"}

[package.extras]
aiomysql = ["greenlet (!=0.4.17)", "aiomysql"]
aiosqlite = ["typing_extensions (!=3.10.0.1)", "greenlet (!=0.4.17)", "aiosqlite"]
asyncio = ["greenlet (!=0.4.17)"]
asyncmy = ["greenlet (!=0.4.17)", "asyncmy (>=0.2.3)"]
mariadb_connector = ["mariadb (>=1.0.1)"]
mssql = ["pyodbc"]
mssql_pymssql = ["pymssql"]
mssql_pyodbc = ["pyodbc"]
mypy = ["sqlalchemy2-stubs", "mypy (>=0.910)"]
mysql = ["mysqlclient (>=1.4.0,<2)", "mysqlclient (>=1.4.0)"]
mysql_connector = ["mysql-connector-python"]
oracle = ["cx_oracle (>=7,<8)", "cx_oracle (>=7)"]
postgresql = ["psycopg2 (>=2.7)"]
postgresql_asyncpg = ["greenlet (!=0.4.17)", "asyncpg"]
postgresql_pg8000 = ["pg8000 (>=1.16.6)"]
postgresql_psycopg2binary = ["psycopg2-binary"]
postgresql_psycopg2cffi = ["psycopg2cffi"]
pymysql = ["pymysql (<1)", "pymysql"]
sqlcipher = ["sqlcipher3-binary"]

[[package]]
name = "sqlparse"
version = "0.5.1"
description = "A non-validating SQL parser."
category = "main"
optional = false
python-versions = ">=3.8"

[package.extras]
dev = ["build", "hatch"]
doc = ["sphinx"]

[[package]]
name = "tablib"
version = "3.7.0"
description = "Format agnostic tabular data library (XLS, JSON, YAML, CSV, etc.)"
category = "main"
optional = false
python-versions = ">=3.9"

[package.dependencies]
openpyxl = {version = ">=2.6.0", optional = true, markers = "extra == \"xlsx\""}
xlrd = {version = "*", optional = true, markers = "extra == \"xls\""}
xlwt = {version = "*", optional = true, markers = "extra == \"xls\""}

[package.extras]
all = ["odfpy", "openpyxl (>=2.6.0)", "pandas", "pyyaml", "tabulate", "xlrd", "xlwt"]
cli = ["tabulate"]
ods = ["odfpy"]
pandas = ["pandas"]
xls = ["xlrd", "xlwt"]
xlsx = ["openpyxl (>=2.6.0)"]
yaml = ["pyyaml"]

[[package]]
name = "tabulate"
version = "0.9.0"
description = "Pretty-print tabular data"
category = "main"
optional = false
python-versions = ">=3.7"

[package.extras]
widechars = ["wcwidth"]

[[package]]
name = "telepath"
version = "0.3.1"
description = "A library for exchanging data between Python and JavaScript"
category = "main"
optional = false
python-versions = ">=3.8"

[package.extras]
docs = ["mkdocs (>=1.1,<1.2)", "mkdocs-material (>=6.2,<6.3)"]

[[package]]
name = "threadpoolctl"
version = "3.5.0"
description = "threadpoolctl"
category = "main"
optional = false
python-versions = ">=3.8"

[[package]]
name = "tqdm"
version = "4.66.5"
description = "Fast, Extensible Progress Meter"
category = "main"
optional = false
python-versions = ">=3.7"

[package.dependencies]
colorama = {version = "*", markers = "platform_system == \"Windows\""}

[package.extras]
dev = ["pytest (>=6)", "pytest-cov", "pytest-timeout", "pytest-xdist"]
notebook = ["ipywidgets (>=6)"]
slack = ["slack-sdk"]
telegram = ["requests"]

[[package]]
name = "typing-extensions"
version = "4.1.1"
description = "Backported and Experimental Type Hints for Python 3.6+"
category = "main"
optional = false
python-versions = ">=3.6"

[[package]]
name = "uritemplate"
version = "4.1.1"
description = "Implementation of RFC 6570 URI Templates"
category = "main"
optional = false
python-versions = ">=3.6"

[[package]]
name = "urllib3"
version = "1.26.20"
description = "HTTP library with thread-safe connection pooling, file post, and more."
category = "main"
optional = false
python-versions = "!=3.0.*,!=3.1.*,!=3.2.*,!=3.3.*,!=3.4.*,!=3.5.*,>=2.7"

[package.extras]
brotli = ["brotlicffi (>=0.8.0)", "brotli (==1.0.9)", "brotlipy (>=0.6.0)", "brotli (>=1.0.9)"]
secure = ["pyOpenSSL (>=0.14)", "cryptography (>=1.3.4)", "idna (>=2.0.0)", "certifi", "urllib3-secure-extra", "ipaddress"]
socks = ["PySocks (>=1.5.6,!=1.5.7,<2.0)"]

[[package]]
name = "wagtail"
version = "2.15.6"
description = "A Django content management system."
category = "main"
optional = false
python-versions = ">=3.6"

[package.dependencies]
anyascii = ">=0.1.5"
beautifulsoup4 = ">=4.8,<4.10"
Django = ">=3.0,<3.3"
django-filter = ">=2.2,<22"
django-modelcluster = ">=5.2,<6.0"
django-taggit = ">=1.0,<2.0"
django-treebeard = ">=4.2.0,<4.5 || >4.5,<5.0"
djangorestframework = ">=3.11.1,<4.0"
draftjs-exporter = ">=2.1.5,<3.0"
html5lib = ">=0.999,<2"
l18n = ">=2018.5"
Pillow = ">=4.0.0,<10.0.0"
requests = ">=2.11.1,<3.0"
tablib = {version = ">=0.14.0", extras = ["xls", "xlsx"]}
telepath = ">=0.1.1,<1"
Willow = ">=1.4,<1.5"
xlsxwriter = ">=1.2.8,<4.0"

[package.extras]
docs = ["pyenchant (>=3.1.1,<4)", "sphinxcontrib-spelling (>=5.4.0,<6)", "Sphinx (>=1.5.2)", "sphinx-autobuild (>=0.6.0)", "sphinx-wagtail-theme (==5.0.4)", "recommonmark (>=0.7.1)"]
testing = ["python-dateutil (>=2.7)", "pytz (>=2014.7)", "elasticsearch (>=5.0,<6.0)", "Jinja2 (>=3.0,<3.1)", "boto3 (>=1.16,<1.17)", "freezegun (>=0.3.8)", "openpyxl (>=2.6.4)", "Unidecode (>=0.04.14,<2.0)", "coverage (>=3.7.0)", "flake8 (==4.0.1)", "isort (==5.6.4)", "flake8-blind-except (==0.1.1)", "flake8-print (==2.0.2)", "doc8 (==0.8.1)", "jinjalint (>=0.5)", "docutils (==0.15)", "django-taggit (>=1.3.0,<2.0)", "polib (>=1.1,<2.0)"]

[[package]]
name = "wagtail-robots"
version = "0.3.1"
description = "Robots.txt exclusion for Wagtail, complementing Sitemaps."
category = "main"
optional = false
python-versions = "*"

[[package]]
name = "wagtailmenus"
version = "3.1.3"
description = "An app to help you manage menus in your Wagtail projects more consistently."
category = "main"
optional = false
python-versions = ">=3.7"

[package.dependencies]
django-cogwheels = "0.3"

[package.extras]
development = ["wagtail (>=2.15)", "django-debug-toolbar", "django-extensions", "ipdb", "werkzeug", "beautifulsoup4 (>=4.8,<4.10)", "coverage (>=4.5)", "django-webtest (>=1.9,<1.10)"]
docs = ["pyenchant (>=2.0)", "Sphinx (>=1.7.4)", "sphinxcontrib-spelling (>=1.4)", "sphinx-rtd-theme (>=0.3)"]
testing = ["beautifulsoup4 (>=4.8,<4.10)", "coverage (>=4.5)", "django-webtest (>=1.9,<1.10)"]

[[package]]
name = "wcwidth"
version = "0.2.13"
description = "Measures the displayed width of unicode strings in a terminal"
category = "main"
optional = false
python-versions = "*"

[[package]]
name = "webencodings"
version = "0.5.1"
description = "Character encoding aliases for legacy web content"
category = "main"
optional = false
python-versions = "*"

[[package]]
name = "willow"
version = "1.4.1"
description = "A Python image library that sits on top of Pillow, Wand and OpenCV"
category = "main"
optional = false
python-versions = ">=2.7,!=3.0.*,!=3.1.*,!=3.2.*,!=3.3.*,!=3.4.*"

[package.extras]
testing = ["Pillow (>=6.0.0,<10.0.0)", "Wand (>=0.6,<1.0)", "mock (>=3.0,<4.0)"]

[[package]]
name = "wrapt"
version = "1.16.0"
description = "Module for decorators, wrappers and monkey patching."
category = "main"
optional = false
python-versions = ">=3.6"

[[package]]
name = "xlrd"
version = "2.0.1"
description = "Library for developers to extract data from Microsoft Excel (tm) .xls spreadsheet files"
category = "main"
optional = false
python-versions = ">=2.7, !=3.0.*, !=3.1.*, !=3.2.*, !=3.3.*, !=3.4.*, !=3.5.*"

[package.extras]
build = ["wheel", "twine"]
docs = ["sphinx"]
test = ["pytest", "pytest-cov"]

[[package]]
name = "xlsxwriter"
version = "3.2.0"
description = "A Python module for creating Excel XLSX files."
category = "main"
optional = false
python-versions = ">=3.6"

[[package]]
name = "xlwt"
version = "1.3.0"
description = "Library to create spreadsheet files compatible with MS Excel 97/2000/XP/2003 XLS files, on any platform, with Python 2.6, 2.7, 3.3+"
category = "main"
optional = false
python-versions = "*"

[[package]]
name = "yarl"
version = "1.15.2"
description = "Yet another URL library"
category = "main"
optional = false
python-versions = ">=3.8"

[package.dependencies]
idna = ">=2.0"
multidict = ">=4.0"
propcache = ">=0.2.0"

[metadata]
lock-version = "1.1"
python-versions = "^3.10"
content-hash = "f7a81f9fd55c064205a15b549703c724324367432555ff4c09a481196c65d3d8"

[metadata.files]
aiohappyeyeballs = []
aiohttp = []
aiosignal = []
anyascii = []
asgiref = []
asn1crypto = []
async-timeout = []
atomicwrites = []
attrs = []
beautifulsoup4 = []
boto3 = []
botocore = []
cachetools = []
certifi = []
charset-normalizer = []
click = []
click-aliases = []
colorama = []
curlify = []
deprecated = []
divio-cli = []
dj-database-url = []
django = []
django-cogwheels = []
django-cors-headers = []
django-environ = []
django-filter = []
django-modelcluster = []
django-redis = []
django-storage-url = []
django-storages = []
django-taggit = []
django-treebeard = []
djangorestframework = []
draftjs-exporter = []
emoji = []
et-xmlfile = []
executing = []
facebook-business = []
frozenlist = []
furl = []
google-api-core = []
google-api-python-client = []
google-auth = []
google-auth-httplib2 = []
google-auth-oauthlib = []
googleapis-common-protos = []
greenlet = []
html5lib = []
httplib2 = []
idna = []
insta-scrape = []
jmespath = []
joblib = []
l18n = []
lxml = []
more-itertools = []
multidict = []
nltk = []
numpy = []
oauth2client = []
oauthlib = []
openpyxl = []
orderedmultidict = []
packaging = []
pandas = []
pillow = []
pluggy = []
propcache = []
proto-plus = []
protobuf = []
psycopg2 = []
py = []
pyaml = []
pyasn1 = []
pyasn1-modules = []
pycountry = []
pymemcache = []
pyodbc = []
pyparsing = []
pytest = []
pytest-mock = []
python-dateutil = []
python-dotenv = []
python-http-client = []
pytz = []
pyyaml = []
redis = []
redshift-connector = []
regex = []
requests = []
requests-oauthlib = []
rsa = []
s3transfer = []
scikit-learn = []
scipy = []
scramp = []
sendgrid = []
sentry-sdk = []
six = []
soupsieve = []
sqlalchemy = []
sqlparse = []
tablib = []
tabulate = []
telepath = []
threadpoolctl = []
tqdm = []
typing-extensions = []
uritemplate = []
urllib3 = []
wagtail = []
wagtail-robots = []
wagtailmenus = []
wcwidth = []
webencodings = []
willow = []
wrapt = []
xlrd = []
xlsxwriter = []
xlwt = []
yarl = []
